// !$*UTF8*$!
{
	archiveVersion = 1;
	classes = {
	};
	objectVersion = 46;
	objects = {

/* Begin PBXBuildFile section */
		D04199B51A8FF4670082060E /* main.cpp in Sources */ = {isa = PBXBuildFile; fileRef = D04199B41A8FF4670082060E /* main.cpp */; };
		D04199BD1A8FF4950082060E /* place.cpp in Sources */ = {isa = PBXBuildFile; fileRef = D04199BC1A8FF4950082060E /* place.cpp */; };
		D04BB62E1A9D2F9700E4994B /* Time.cpp in Sources */ = {isa = PBXBuildFile; fileRef = D04BB62C1A9D2F9700E4994B /* Time.cpp */; };
/* End PBXBuildFile section */

/* Begin PBXCopyFilesBuildPhase section */
		D04199AF1A8FF4670082060E /* CopyFiles */ = {
			isa = PBXCopyFilesBuildPhase;
			buildActionMask = 2147483647;
			dstPath = /usr/share/man/man1/;
			dstSubfolderSpec = 0;
			files = (
			);
			runOnlyForDeploymentPostprocessing = 1;
		};
/* End PBXCopyFilesBuildPhase section */

/* Begin PBXFileReference section */
		D04199B11A8FF4670082060E /* errands-organizer-jc */ = {isa = PBXFileReference; explicitFileType = "compiled.mach-o.executable"; includeInIndex = 0; path = "errands-organizer-jc"; sourceTree = BUILT_PRODUCTS_DIR; };
		D04199B41A8FF4670082060E /* main.cpp */ = {isa = PBXFileReference; lastKnownFileType = sourcecode.cpp.cpp; path = main.cpp; sourceTree = "<group>"; };
		D04199BB1A8FF4950082060E /* place.h */ = {isa = PBXFileReference; fileEncoding = 4; lastKnownFileType = sourcecode.c.h; name = place.h; path = ../../place.h; sourceTree = "<group>"; };
		D04199BC1A8FF4950082060E /* place.cpp */ = {isa = PBXFileReference; fileEncoding = 4; lastKnownFileType = sourcecode.cpp.cpp; name = place.cpp; path = ../../place.cpp; sourceTree = "<group>"; };
		D04BB62C1A9D2F9700E4994B /* Time.cpp */ = {isa = PBXFileReference; fileEncoding = 4; lastKnownFileType = sourcecode.cpp.cpp; name = Time.cpp; path = ../../Time.cpp; sourceTree = "<group>"; };
		D04BB62D1A9D2F9700E4994B /* Time.h */ = {isa = PBXFileReference; fileEncoding = 4; lastKnownFileType = sourcecode.c.h; name = Time.h; path = ../../Time.h; sourceTree = "<group>"; };
/* End PBXFileReference section */

/* Begin PBXFrameworksBuildPhase section */
		D04199AE1A8FF4670082060E /* Frameworks */ = {
			isa = PBXFrameworksBuildPhase;
			buildActionMask = 2147483647;
			files = (
			);
			runOnlyForDeploymentPostprocessing = 0;
		};
/* End PBXFrameworksBuildPhase section */

/* Begin PBXGroup section */
		D04199A81A8FF4670082060E = {
			isa = PBXGroup;
			children = (
				D04199B31A8FF4670082060E /* errands-organizer-jc */,
				D04199B21A8FF4670082060E /* Products */,
			);
			sourceTree = "<group>";
		};
		D04199B21A8FF4670082060E /* Products */ = {
			isa = PBXGroup;
			children = (
				D04199B11A8FF4670082060E /* errands-organizer-jc */,
			);
			name = Products;
			sourceTree = "<group>";
		};
		D04199B31A8FF4670082060E /* errands-organizer-jc */ = {
			isa = PBXGroup;
			children = (
				D04199B41A8FF4670082060E /* main.cpp */,
				D04199BB1A8FF4950082060E /* place.h */,
				D04199BC1A8FF4950082060E /* place.cpp */,
				D04BB62C1A9D2F9700E4994B /* Time.cpp */,
				D04BB62D1A9D2F9700E4994B /* Time.h */,
			);
			path = "errands-organizer-jc";
			sourceTree = "<group>";
		};
/* End PBXGroup section */

/* Begin PBXNativeTarget section */
		D04199B01A8FF4670082060E /* errands-organizer-jc */ = {
			isa = PBXNativeTarget;
			buildConfigurationList = D04199B81A8FF4670082060E /* Build configuration list for PBXNativeTarget "errands-organizer-jc" */;
			buildPhases = (
				D04199AD1A8FF4670082060E /* Sources */,
				D04199AE1A8FF4670082060E /* Frameworks */,
				D04199AF1A8FF4670082060E /* CopyFiles */,
			);
			buildRules = (
			);
			dependencies = (
			);
			name = "errands-organizer-jc";
			productName = "errands-organizer-jc";
			productReference = D04199B11A8FF4670082060E /* errands-organizer-jc */;
			productType = "com.apple.product-type.tool";
		};
/* End PBXNativeTarget section */

/* Begin PBXProject section */
		D04199A91A8FF4670082060E /* Project object */ = {
			isa = PBXProject;
			attributes = {
				LastUpgradeCheck = 0610;
				ORGANIZATIONNAME = "James Chin";
				TargetAttributes = {
					D04199B01A8FF4670082060E = {
						CreatedOnToolsVersion = 6.1.1;
					};
				};
			};
			buildConfigurationList = D04199AC1A8FF4670082060E /* Build configuration list for PBXProject "errands-organizer-jc" */;
			compatibilityVersion = "Xcode 3.2";
			developmentRegion = English;
			hasScannedForEncodings = 0;
			knownRegions = (
				en,
			);
			mainGroup = D04199A81A8FF4670082060E;
			productRefGroup = D04199B21A8FF4670082060E /* Products */;
			projectDirPath = "";
			projectRoot = "";
			targets = (
				D04199B01A8FF4670082060E /* errands-organizer-jc */,
			);
		};
/* End PBXProject section */

/* Begin PBXSourcesBuildPhase section */
		D04199AD1A8FF4670082060E /* Sources */ = {
			isa = PBXSourcesBuildPhase;
			buildActionMask = 2147483647;
			files = (
				D04BB62E1A9D2F9700E4994B /* Time.cpp in Sources */,
				D04199B51A8FF4670082060E /* main.cpp in Sources */,
				D04199BD1A8FF4950082060E /* place.cpp in Sources */,
			);
			runOnlyForDeploymentPostprocessing = 0;
		};
/* End PBXSourcesBuildPhase section */

/* Begin XCBuildConfiguration section */
		D04199B61A8FF4670082060E /* Debug */ = {
			isa = XCBuildConfiguration;
			buildSettings = {
				ALWAYS_SEARCH_USER_PATHS = NO;
				CLANG_CXX_LANGUAGE_STANDARD = "gnu++0x";
				CLANG_CXX_LIBRARY = "libc++";
				CLANG_ENABLE_MODULES = YES;
				CLANG_ENABLE_OBJC_ARC = YES;
				CLANG_WARN_BOOL_CONVERSION = YES;
				CLANG_WARN_CONSTANT_CONVERSION = YES;
				CLANG_WARN_DIRECT_OBJC_ISA_USAGE = YES_ERROR;
				CLANG_WARN_EMPTY_BODY = YES;
				CLANG_WARN_ENUM_CONVERSION = YES;
				CLANG_WARN_INT_CONVERSION = YES;
				CLANG_WARN_OBJC_ROOT_CLASS = YES_ERROR;
				CLANG_WARN_UNREACHABLE_CODE = YES;
				CLANG_WARN__DUPLICATE_METHOD_MATCH = YES;
				COPY_PHASE_STRIP = NO;
				ENABLE_STRICT_OBJC_MSGSEND = YES;
				GCC_C_LANGUAGE_STANDARD = gnu99;
				GCC_DYNAMIC_NO_PIC = NO;
				GCC_OPTIMIZATION_LEVEL = 0;
				GCC_PREPROCESSOR_DEFINITIONS = (
					"DEBUG=1",
					"$(inherited)",
				);
				GCC_SYMBOLS_PRIVATE_EXTERN = NO;
				GCC_WARN_64_TO_32_BIT_CONVERSION = YES;
				GCC_WARN_ABOUT_RETURN_TYPE = YES_ERROR;
				GCC_WARN_UNDECLARED_SELECTOR = YES;
				GCC_WARN_UNINITIALIZED_AUTOS = YES_AGGRESSIVE;
				GCC_WARN_UNUSED_FUNCTION = YES;
				GCC_WARN_UNUSED_VARIABLE = YES;
				MACOSX_DEPLOYMENT_TARGET = 10.10;
				MTL_ENABLE_DEBUG_INFO = YES;
				ONLY_ACTIVE_ARCH = YES;
				SDKROOT = macosx;
			};
			name = Debug;
		};
		D04199B71A8FF4670082060E /* Release */ = {
			isa = XCBuildConfiguration;
			buildSettings = {
				ALWAYS_SEARCH_USER_PATHS = NO;
				CLANG_CXX_LANGUAGE_STANDARD = "gnu++0x";
				CLANG_CXX_LIBRARY = "libc++";
				CLANG_ENABLE_MODULES = YES;
				CLANG_ENABLE_OBJC_ARC = YES;
				CLANG_WARN_BOOL_CONVERSION = YES;
				CLANG_WARN_CONSTANT_CONVERSION = YES;
				CLANG_WARN_DIRECT_OBJC_ISA_USAGE = YES_ERROR;
				CLANG_WARN_EMPTY_BODY = YES;
				CLANG_WARN_ENUM_CONVERSION = YES;
				CLANG_WARN_INT_CONVERSION = YES;
				CLANG_WARN_OBJC_ROOT_CLASS = YES_ERROR;
				CLANG_WARN_UNREACHABLE_CODE = YES;
				CLANG_WARN__DUPLICATE_METHOD_MATCH = YES;
				COPY_PHASE_STRIP = YES;
				DEBUG_INFORMATION_FORMAT = "dwarf-with-dsym";
				ENABLE_NS_ASSERTIONS = NO;
				ENABLE_STRICT_OBJC_MSGSEND = YES;
				GCC_C_LANGUAGE_STANDARD = gnu99;
				GCC_WARN_64_TO_32_BIT_CONVERSION = YES;
				GCC_WARN_ABOUT_RETURN_TYPE = YES_ERROR;
				GCC_WARN_UNDECLARED_SELECTOR = YES;
				GCC_WARN_UNINITIALIZED_AUTOS = YES_AGGRESSIVE;
				GCC_WARN_UNUSED_FUNCTION = YES;
				GCC_WARN_UNUSED_VARIABLE = YES;
				MACOSX_DEPLOYMENT_TARGET = 10.10;
				MTL_ENABLE_DEBUG_INFO = NO;
				SDKROOT = macosx;
			};
			name = Release;
		};
		D04199B91A8FF4670082060E /* Debug */ = {
			isa = XCBuildConfiguration;
			buildSettings = {
				PRODUCT_NAME = "$(TARGET_NAME)";
			};
			name = Debug;
		};
		D04199BA1A8FF4670082060E /* Release */ = {
			isa = XCBuildConfiguration;
			buildSettings = {
				PRODUCT_NAME = "$(TARGET_NAME)";
			};
			name = Release;
		};
/* End XCBuildConfiguration section */

/* Begin XCConfigurationList section */
		D04199AC1A8FF4670082060E /* Build configuration list for PBXProject "errands-organizer-jc" */ = {
			isa = XCConfigurationList;
			buildConfigurations = (
				D04199B61A8FF4670082060E /* Debug */,
				D04199B71A8FF4670082060E /* Release */,
			);
			defaultConfigurationIsVisible = 0;
			defaultConfigurationName = Release;
		};
		D04199B81A8FF4670082060E /* Build configuration list for PBXNativeTarget "errands-organizer-jc" */ = {
			isa = XCConfigurationList;
			buildConfigurations = (
				D04199B91A8FF4670082060E /* Debug */,
				D04199BA1A8FF4670082060E /* Release */,
			);
			defaultConfigurationIsVisible = 0;
			defaultConfigurationName = Release;
		};
/* End XCConfigurationList section */
	};
	rootObject = D04199A91A8FF4670082060E /* Project object */;
}
